
Microsoft Visual Studio Solution File, Format Version 12.00
# Visual Studio Version 17
VisualStudioVersion = 17.0.31903.59
MinimumVisualStudioVersion = 10.0.40219.1
Project("{FAE04EC0-301F-11D3-BF4B-00C04F79EFBC}") = "Wpf-framework", "Wpf-framework\Wpf-framework.csproj", "{E047F2B2-2983-478B-81AA-AB69620F8C4E}"
EndProject
Project("{9A19103F-16F7-4668-BE54-9A1E7A4F7556}") = "WpfApp1", "WpfApp1\WpfApp1.csproj", "{362E8B56-F651-48AF-BF4A-E3D4C47844BF}"
EndProject
Project("{9A19103F-16F7-4668-BE54-9A1E7A4F7556}") = "Qian.CourseManger", "Qian.CourseManger\Qian.CourseManger.csproj", "{8441FAF4-7D64-462A-9CBC-790903D9FD45}"
EndProject
Project("{9A19103F-16F7-4668-BE54-9A1E7A4F7556}") = "WpfSnippet", "WpfSnippet\WpfSnippet.csproj", "{C4F9BA09-9554-4F1D-8C59-C4F354C4F2DE}"
EndProject
Project("{9A19103F-16F7-4668-BE54-9A1E7A4F7556}") = "CaculateApp", "CaculateApp\CaculateApp.csproj", "{4F11F11D-0E39-49AE-8061-F033A76DDD0A}"
EndProject
Project("{9A19103F-16F7-4668-BE54-9A1E7A4F7556}") = "UtilsForm", "UtilsForm\UtilsForm.csproj", "{E40542A6-6E78-489E-9FE9-9C8574C51FDA}"
EndProject
Project("{9A19103F-16F7-4668-BE54-9A1E7A4F7556}") = "ViewModelTutor", "ViewModelTutor\ViewModelTutor.csproj", "{30A4C53C-9619-4849-8C3F-B6EB0B6268C2}"
EndProject
Project("{9A19103F-16F7-4668-BE54-9A1E7A4F7556}") = "ToDo", "ToDo\ToDo.csproj", "{63451575-BC2A-46A8-9918-333EAE0CB23E}"
EndProject
Project("{9A19103F-16F7-4668-BE54-9A1E7A4F7556}") = "WpfTutor", "WpfTutor\WpfTutor.csproj", "{3C16F2FC-EF7D-47CB-A5A8-1B67039B93ED}"
EndProject
Project("{9A19103F-16F7-4668-BE54-9A1E7A4F7556}") = "Vmmaker", "Vmmaker\Vmmaker.csproj", "{36B525E5-B59C-4E05-98A3-E412BFCB1F97}"
EndProject
Project("{9A19103F-16F7-4668-BE54-9A1E7A4F7556}") = "WpfTmp", "WpfTmp\WpfTmp.csproj", "{30B831F2-157C-4101-9F41-1BDD2143D14A}"
EndProject
Project("{FAE04EC0-301F-11D3-BF4B-00C04F79EFBC}") = "ConsoleTmp", "ConsoleTmp\ConsoleTmp.csproj", "{CADDCEFB-179A-45DE-9958-896BB81138E7}"
EndProject
Project("{FAE04EC0-301F-11D3-BF4B-00C04F79EFBC}") = "ExtractVoice", "ExtractVoice\ExtractVoice.csproj", "{57379F25-65FA-4649-9705-63EB00867E98}"
EndProject
Global
	GlobalSection(SolutionConfigurationPlatforms) = preSolution
		Debug|Any CPU = Debug|Any CPU
		Release|Any CPU = Release|Any CPU
	EndGlobalSection
	GlobalSection(ProjectConfigurationPlatforms) = postSolution
		{E047F2B2-2983-478B-81AA-AB69620F8C4E}.Debug|Any CPU.ActiveCfg = Debug|Any CPU
		{E047F2B2-2983-478B-81AA-AB69620F8C4E}.Debug|Any CPU.Build.0 = Debug|Any CPU
		{E047F2B2-2983-478B-81AA-AB69620F8C4E}.Release|Any CPU.ActiveCfg = Release|Any CPU
		{E047F2B2-2983-478B-81AA-AB69620F8C4E}.Release|Any CPU.Build.0 = Release|Any CPU
		{362E8B56-F651-48AF-BF4A-E3D4C47844BF}.Debug|Any CPU.ActiveCfg = Debug|Any CPU
		{362E8B56-F651-48AF-BF4A-E3D4C47844BF}.Debug|Any CPU.Build.0 = Debug|Any CPU
		{362E8B56-F651-48AF-BF4A-E3D4C47844BF}.Release|Any CPU.ActiveCfg = Release|Any CPU
		{362E8B56-F651-48AF-BF4A-E3D4C47844BF}.Release|Any CPU.Build.0 = Release|Any CPU
		{8441FAF4-7D64-462A-9CBC-790903D9FD45}.Debug|Any CPU.ActiveCfg = Debug|Any CPU
		{8441FAF4-7D64-462A-9CBC-790903D9FD45}.Debug|Any CPU.Build.0 = Debug|Any CPU
		{8441FAF4-7D64-462A-9CBC-790903D9FD45}.Release|Any CPU.ActiveCfg = Release|Any CPU
		{8441FAF4-7D64-462A-9CBC-790903D9FD45}.Release|Any CPU.Build.0 = Release|Any CPU
		{C4F9BA09-9554-4F1D-8C59-C4F354C4F2DE}.Debug|Any CPU.ActiveCfg = Debug|Any CPU
		{C4F9BA09-9554-4F1D-8C59-C4F354C4F2DE}.Debug|Any CPU.Build.0 = Debug|Any CPU
		{C4F9BA09-9554-4F1D-8C59-C4F354C4F2DE}.Release|Any CPU.ActiveCfg = Release|Any CPU
		{C4F9BA09-9554-4F1D-8C59-C4F354C4F2DE}.Release|Any CPU.Build.0 = Release|Any CPU
		{4F11F11D-0E39-49AE-8061-F033A76DDD0A}.Debug|Any CPU.ActiveCfg = Debug|Any CPU
		{4F11F11D-0E39-49AE-8061-F033A76DDD0A}.Debug|Any CPU.Build.0 = Debug|Any CPU
		{4F11F11D-0E39-49AE-8061-F033A76DDD0A}.Release|Any CPU.ActiveCfg = Release|Any CPU
		{4F11F11D-0E39-49AE-8061-F033A76DDD0A}.Release|Any CPU.Build.0 = Release|Any CPU
		{E40542A6-6E78-489E-9FE9-9C8574C51FDA}.Debug|Any CPU.ActiveCfg = Debug|Any CPU
		{E40542A6-6E78-489E-9FE9-9C8574C51FDA}.Debug|Any CPU.Build.0 = Debug|Any CPU
		{E40542A6-6E78-489E-9FE9-9C8574C51FDA}.Release|Any CPU.ActiveCfg = Release|Any CPU
		{E40542A6-6E78-489E-9FE9-9C8574C51FDA}.Release|Any CPU.Build.0 = Release|Any CPU
		{30A4C53C-9619-4849-8C3F-B6EB0B6268C2}.Debug|Any CPU.ActiveCfg = Debug|Any CPU
		{30A4C53C-9619-4849-8C3F-B6EB0B6268C2}.Debug|Any CPU.Build.0 = Debug|Any CPU
		{30A4C53C-9619-4849-8C3F-B6EB0B6268C2}.Release|Any CPU.ActiveCfg = Release|Any CPU
		{30A4C53C-9619-4849-8C3F-B6EB0B6268C2}.Release|Any CPU.Build.0 = Release|Any CPU
		{63451575-BC2A-46A8-9918-333EAE0CB23E}.Debug|Any CPU.ActiveCfg = Debug|Any CPU
		{63451575-BC2A-46A8-9918-333EAE0CB23E}.Debug|Any CPU.Build.0 = Debug|Any CPU
		{63451575-BC2A-46A8-9918-333EAE0CB23E}.Release|Any CPU.ActiveCfg = Release|Any CPU
		{63451575-BC2A-46A8-9918-333EAE0CB23E}.Release|Any CPU.Build.0 = Release|Any CPU
		{3C16F2FC-EF7D-47CB-A5A8-1B67039B93ED}.Debug|Any CPU.ActiveCfg = Debug|Any CPU
		{3C16F2FC-EF7D-47CB-A5A8-1B67039B93ED}.Debug|Any CPU.Build.0 = Debug|Any CPU
		{3C16F2FC-EF7D-47CB-A5A8-1B67039B93ED}.Release|Any CPU.ActiveCfg = Release|Any CPU
		{3C16F2FC-EF7D-47CB-A5A8-1B67039B93ED}.Release|Any CPU.Build.0 = Release|Any CPU
		{36B525E5-B59C-4E05-98A3-E412BFCB1F97}.Debug|Any CPU.ActiveCfg = Debug|Any CPU
		{36B525E5-B59C-4E05-98A3-E412BFCB1F97}.Debug|Any CPU.Build.0 = Debug|Any CPU
		{36B525E5-B59C-4E05-98A3-E412BFCB1F97}.Release|Any CPU.ActiveCfg = Release|Any CPU
		{36B525E5-B59C-4E05-98A3-E412BFCB1F97}.Release|Any CPU.Build.0 = Release|Any CPU
		{30B831F2-157C-4101-9F41-1BDD2143D14A}.Debug|Any CPU.ActiveCfg = Debug|Any CPU
		{30B831F2-157C-4101-9F41-1BDD2143D14A}.Debug|Any CPU.Build.0 = Debug|Any CPU
		{30B831F2-157C-4101-9F41-1BDD2143D14A}.Release|Any CPU.ActiveCfg = Release|Any CPU
		{30B831F2-157C-4101-9F41-1BDD2143D14A}.Release|Any CPU.Build.0 = Release|Any CPU
		{CADDCEFB-179A-45DE-9958-896BB81138E7}.Debug|Any CPU.ActiveCfg = Debug|Any CPU
		{CADDCEFB-179A-45DE-9958-896BB81138E7}.Debug|Any CPU.Build.0 = Debug|Any CPU
		{CADDCEFB-179A-45DE-9958-896BB81138E7}.Release|Any CPU.ActiveCfg = Release|Any CPU
		{CADDCEFB-179A-45DE-9958-896BB81138E7}.Release|Any CPU.Build.0 = Release|Any CPU
		{57379F25-65FA-4649-9705-63EB00867E98}.Debug|Any CPU.ActiveCfg = Debug|Any CPU
		{57379F25-65FA-4649-9705-63EB00867E98}.Debug|Any CPU.Build.0 = Debug|Any CPU
		{57379F25-65FA-4649-9705-63EB00867E98}.Release|Any CPU.ActiveCfg = Release|Any CPU
		{57379F25-65FA-4649-9705-63EB00867E98}.Release|Any CPU.Build.0 = Release|Any CPU
	EndGlobalSection
	GlobalSection(SolutionProperties) = preSolution
		HideSolutionNode = FALSE
	EndGlobalSection
	GlobalSection(ExtensibilityGlobals) = postSolution
		SolutionGuid = {4A772575-967F-49BE-B108-FBD9FCFF80CC}
	EndGlobalSection
EndGlobal
