
Microsoft Visual Studio Solution File, Format Version 12.00
# Visual Studio Version 17
VisualStudioVersion = 17.0.31903.59
MinimumVisualStudioVersion = 10.0.40219.1
Project("{FAE04EC0-301F-11D3-BF4B-00C04F79EFBC}") = "Wpf-framework", "Wpf-framework\Wpf-framework.csproj", "{E047F2B2-2983-478B-81AA-AB69620F8C4E}"
EndProject
Project("{9A19103F-16F7-4668-BE54-9A1E7A4F7556}") = "WpfApp1", "WpfApp1\WpfApp1.csproj", "{362E8B56-F651-48AF-BF4A-E3D4C47844BF}"
EndProject
Project("{9A19103F-16F7-4668-BE54-9A1E7A4F7556}") = "Qian.CourseManger", "Qian.CourseManger\Qian.CourseManger.csproj", "{8441FAF4-7D64-462A-9CBC-790903D9FD45}"
EndProject
Project("{FAE04EC0-301F-11D3-BF4B-00C04F79EFBC}") = "WpfApp2", "WpfApp2\WpfApp2.csproj", "{5A3BBFB8-798A-4E52-A95C-FB5CC0012915}"
EndProject
Global
	GlobalSection(SolutionConfigurationPlatforms) = preSolution
		Debug|Any CPU = Debug|Any CPU
		Release|Any CPU = Release|Any CPU
	EndGlobalSection
	GlobalSection(ProjectConfigurationPlatforms) = postSolution
		{E047F2B2-2983-478B-81AA-AB69620F8C4E}.Debug|Any CPU.ActiveCfg = Debug|Any CPU
		{E047F2B2-2983-478B-81AA-AB69620F8C4E}.Debug|Any CPU.Build.0 = Debug|Any CPU
		{E047F2B2-2983-478B-81AA-AB69620F8C4E}.Release|Any CPU.ActiveCfg = Release|Any CPU
		{E047F2B2-2983-478B-81AA-AB69620F8C4E}.Release|Any CPU.Build.0 = Release|Any CPU
		{362E8B56-F651-48AF-BF4A-E3D4C47844BF}.Debug|Any CPU.ActiveCfg = Debug|Any CPU
		{362E8B56-F651-48AF-BF4A-E3D4C47844BF}.Debug|Any CPU.Build.0 = Debug|Any CPU
		{362E8B56-F651-48AF-BF4A-E3D4C47844BF}.Release|Any CPU.ActiveCfg = Release|Any CPU
		{362E8B56-F651-48AF-BF4A-E3D4C47844BF}.Release|Any CPU.Build.0 = Release|Any CPU
		{8441FAF4-7D64-462A-9CBC-790903D9FD45}.Debug|Any CPU.ActiveCfg = Debug|Any CPU
		{8441FAF4-7D64-462A-9CBC-790903D9FD45}.Debug|Any CPU.Build.0 = Debug|Any CPU
		{8441FAF4-7D64-462A-9CBC-790903D9FD45}.Release|Any CPU.ActiveCfg = Release|Any CPU
		{8441FAF4-7D64-462A-9CBC-790903D9FD45}.Release|Any CPU.Build.0 = Release|Any CPU
		{5A3BBFB8-798A-4E52-A95C-FB5CC0012915}.Debug|Any CPU.ActiveCfg = Debug|Any CPU
		{5A3BBFB8-798A-4E52-A95C-FB5CC0012915}.Debug|Any CPU.Build.0 = Debug|Any CPU
		{5A3BBFB8-798A-4E52-A95C-FB5CC0012915}.Release|Any CPU.ActiveCfg = Release|Any CPU
		{5A3BBFB8-798A-4E52-A95C-FB5CC0012915}.Release|Any CPU.Build.0 = Release|Any CPU
	EndGlobalSection
	GlobalSection(SolutionProperties) = preSolution
		HideSolutionNode = FALSE
	EndGlobalSection
	GlobalSection(ExtensibilityGlobals) = postSolution
		SolutionGuid = {4A772575-967F-49BE-B108-FBD9FCFF80CC}
	EndGlobalSection
EndGlobal
