
Microsoft Visual Studio Solution File, Format Version 12.00
# Visual Studio Version 17
VisualStudioVersion = 17.0.31903.59
MinimumVisualStudioVersion = 10.0.40219.1
Project("{9A19103F-16F7-4668-BE54-9A1E7A4F7556}") = "WpfSnippet", "WpfSnippet\WpfSnippet.csproj", "{C4F9BA09-9554-4F1D-8C59-C4F354C4F2DE}"
EndProject
Project("{9A19103F-16F7-4668-BE54-9A1E7A4F7556}") = "CaculateApp", "CaculateApp\CaculateApp.csproj", "{4F11F11D-0E39-49AE-8061-F033A76DDD0A}"
EndProject
Project("{9A19103F-16F7-4668-BE54-9A1E7A4F7556}") = "UtilsForm", "UtilsForm\UtilsForm.csproj", "{E40542A6-6E78-489E-9FE9-9C8574C51FDA}"
EndProject
Project("{9A19103F-16F7-4668-BE54-9A1E7A4F7556}") = "ViewModelTutor", "ViewModelTutor\ViewModelTutor.csproj", "{30A4C53C-9619-4849-8C3F-B6EB0B6268C2}"
EndProject
Project("{9A19103F-16F7-4668-BE54-9A1E7A4F7556}") = "ToDo", "ToDo\ToDo.csproj", "{63451575-BC2A-46A8-9918-333EAE0CB23E}"
EndProject
Project("{9A19103F-16F7-4668-BE54-9A1E7A4F7556}") = "WpfTutor", "WpfTutor\WpfTutor.csproj", "{3C16F2FC-EF7D-47CB-A5A8-1B67039B93ED}"
EndProject
Project("{9A19103F-16F7-4668-BE54-9A1E7A4F7556}") = "WpfTmp", "WpfTmp\WpfTmp.csproj", "{30B831F2-157C-4101-9F41-1BDD2143D14A}"
EndProject
Project("{9A19103F-16F7-4668-BE54-9A1E7A4F7556}") = "DriveStorage", "Drive-Storage-Dashboard-UI\DriveStorage.csproj", "{4618F4F9-CE9A-416B-BB38-56399C0C6233}"
EndProject
Project("{9A19103F-16F7-4668-BE54-9A1E7A4F7556}") = "FileManagerUI", "FileManagerUI\FileManagerUI.csproj", "{B7CC58E3-C39E-4575-B93B-85A9FBA46303}"
EndProject
Project("{9A19103F-16F7-4668-BE54-9A1E7A4F7556}") = "WpfTest.Core", "WpfTest.Core\WpfTest.Core.csproj", "{E487DD3C-131F-49BE-9939-353725AD5D4E}"
EndProject
Project("{9A19103F-16F7-4668-BE54-9A1E7A4F7556}") = "WpfTest", "WpfTest\WpfTest.csproj", "{838B6759-A04A-4889-95A9-96823EB940BD}"
EndProject
Project("{9A19103F-16F7-4668-BE54-9A1E7A4F7556}") = "WpfLayout", "WpfLayout\WpfLayout.csproj", "{0E212B39-C12D-45E5-A907-14E3F4B8A2E0}"
EndProject
Project("{9A19103F-16F7-4668-BE54-9A1E7A4F7556}") = "ConsoleApp", "ConsoleApp\ConsoleApp.csproj", "{4764E336-6CD5-4D48-A3C1-48C0943AC3D8}"
EndProject
Global
	GlobalSection(SolutionConfigurationPlatforms) = preSolution
		Debug|Any CPU = Debug|Any CPU
		Release|Any CPU = Release|Any CPU
	EndGlobalSection
	GlobalSection(ProjectConfigurationPlatforms) = postSolution
		{C4F9BA09-9554-4F1D-8C59-C4F354C4F2DE}.Debug|Any CPU.ActiveCfg = Debug|Any CPU
		{C4F9BA09-9554-4F1D-8C59-C4F354C4F2DE}.Debug|Any CPU.Build.0 = Debug|Any CPU
		{C4F9BA09-9554-4F1D-8C59-C4F354C4F2DE}.Release|Any CPU.ActiveCfg = Release|Any CPU
		{C4F9BA09-9554-4F1D-8C59-C4F354C4F2DE}.Release|Any CPU.Build.0 = Release|Any CPU
		{4F11F11D-0E39-49AE-8061-F033A76DDD0A}.Debug|Any CPU.ActiveCfg = Debug|Any CPU
		{4F11F11D-0E39-49AE-8061-F033A76DDD0A}.Debug|Any CPU.Build.0 = Debug|Any CPU
		{4F11F11D-0E39-49AE-8061-F033A76DDD0A}.Release|Any CPU.ActiveCfg = Release|Any CPU
		{4F11F11D-0E39-49AE-8061-F033A76DDD0A}.Release|Any CPU.Build.0 = Release|Any CPU
		{E40542A6-6E78-489E-9FE9-9C8574C51FDA}.Debug|Any CPU.ActiveCfg = Debug|Any CPU
		{E40542A6-6E78-489E-9FE9-9C8574C51FDA}.Debug|Any CPU.Build.0 = Debug|Any CPU
		{E40542A6-6E78-489E-9FE9-9C8574C51FDA}.Release|Any CPU.ActiveCfg = Release|Any CPU
		{E40542A6-6E78-489E-9FE9-9C8574C51FDA}.Release|Any CPU.Build.0 = Release|Any CPU
		{30A4C53C-9619-4849-8C3F-B6EB0B6268C2}.Debug|Any CPU.ActiveCfg = Debug|Any CPU
		{30A4C53C-9619-4849-8C3F-B6EB0B6268C2}.Debug|Any CPU.Build.0 = Debug|Any CPU
		{30A4C53C-9619-4849-8C3F-B6EB0B6268C2}.Release|Any CPU.ActiveCfg = Release|Any CPU
		{30A4C53C-9619-4849-8C3F-B6EB0B6268C2}.Release|Any CPU.Build.0 = Release|Any CPU
		{63451575-BC2A-46A8-9918-333EAE0CB23E}.Debug|Any CPU.ActiveCfg = Debug|Any CPU
		{63451575-BC2A-46A8-9918-333EAE0CB23E}.Debug|Any CPU.Build.0 = Debug|Any CPU
		{63451575-BC2A-46A8-9918-333EAE0CB23E}.Release|Any CPU.ActiveCfg = Release|Any CPU
		{63451575-BC2A-46A8-9918-333EAE0CB23E}.Release|Any CPU.Build.0 = Release|Any CPU
		{3C16F2FC-EF7D-47CB-A5A8-1B67039B93ED}.Debug|Any CPU.ActiveCfg = Debug|Any CPU
		{3C16F2FC-EF7D-47CB-A5A8-1B67039B93ED}.Debug|Any CPU.Build.0 = Debug|Any CPU
		{3C16F2FC-EF7D-47CB-A5A8-1B67039B93ED}.Release|Any CPU.ActiveCfg = Release|Any CPU
		{3C16F2FC-EF7D-47CB-A5A8-1B67039B93ED}.Release|Any CPU.Build.0 = Release|Any CPU
		{30B831F2-157C-4101-9F41-1BDD2143D14A}.Debug|Any CPU.ActiveCfg = Debug|Any CPU
		{30B831F2-157C-4101-9F41-1BDD2143D14A}.Debug|Any CPU.Build.0 = Debug|Any CPU
		{30B831F2-157C-4101-9F41-1BDD2143D14A}.Release|Any CPU.ActiveCfg = Release|Any CPU
		{30B831F2-157C-4101-9F41-1BDD2143D14A}.Release|Any CPU.Build.0 = Release|Any CPU
		{4618F4F9-CE9A-416B-BB38-56399C0C6233}.Debug|Any CPU.ActiveCfg = Debug|Any CPU
		{4618F4F9-CE9A-416B-BB38-56399C0C6233}.Debug|Any CPU.Build.0 = Debug|Any CPU
		{4618F4F9-CE9A-416B-BB38-56399C0C6233}.Release|Any CPU.ActiveCfg = Release|Any CPU
		{4618F4F9-CE9A-416B-BB38-56399C0C6233}.Release|Any CPU.Build.0 = Release|Any CPU
		{B7CC58E3-C39E-4575-B93B-85A9FBA46303}.Debug|Any CPU.ActiveCfg = Debug|Any CPU
		{B7CC58E3-C39E-4575-B93B-85A9FBA46303}.Debug|Any CPU.Build.0 = Debug|Any CPU
		{B7CC58E3-C39E-4575-B93B-85A9FBA46303}.Release|Any CPU.ActiveCfg = Release|Any CPU
		{B7CC58E3-C39E-4575-B93B-85A9FBA46303}.Release|Any CPU.Build.0 = Release|Any CPU
		{E487DD3C-131F-49BE-9939-353725AD5D4E}.Debug|Any CPU.ActiveCfg = Debug|Any CPU
		{E487DD3C-131F-49BE-9939-353725AD5D4E}.Debug|Any CPU.Build.0 = Debug|Any CPU
		{E487DD3C-131F-49BE-9939-353725AD5D4E}.Release|Any CPU.ActiveCfg = Release|Any CPU
		{E487DD3C-131F-49BE-9939-353725AD5D4E}.Release|Any CPU.Build.0 = Release|Any CPU
		{838B6759-A04A-4889-95A9-96823EB940BD}.Debug|Any CPU.ActiveCfg = Debug|Any CPU
		{838B6759-A04A-4889-95A9-96823EB940BD}.Debug|Any CPU.Build.0 = Debug|Any CPU
		{838B6759-A04A-4889-95A9-96823EB940BD}.Release|Any CPU.ActiveCfg = Release|Any CPU
		{838B6759-A04A-4889-95A9-96823EB940BD}.Release|Any CPU.Build.0 = Release|Any CPU
		{0E212B39-C12D-45E5-A907-14E3F4B8A2E0}.Debug|Any CPU.ActiveCfg = Debug|Any CPU
		{0E212B39-C12D-45E5-A907-14E3F4B8A2E0}.Debug|Any CPU.Build.0 = Debug|Any CPU
		{0E212B39-C12D-45E5-A907-14E3F4B8A2E0}.Release|Any CPU.ActiveCfg = Release|Any CPU
		{0E212B39-C12D-45E5-A907-14E3F4B8A2E0}.Release|Any CPU.Build.0 = Release|Any CPU
		{4764E336-6CD5-4D48-A3C1-48C0943AC3D8}.Debug|Any CPU.ActiveCfg = Debug|Any CPU
		{4764E336-6CD5-4D48-A3C1-48C0943AC3D8}.Debug|Any CPU.Build.0 = Debug|Any CPU
		{4764E336-6CD5-4D48-A3C1-48C0943AC3D8}.Release|Any CPU.ActiveCfg = Release|Any CPU
		{4764E336-6CD5-4D48-A3C1-48C0943AC3D8}.Release|Any CPU.Build.0 = Release|Any CPU
	EndGlobalSection
	GlobalSection(SolutionProperties) = preSolution
		HideSolutionNode = FALSE
	EndGlobalSection
	GlobalSection(ExtensibilityGlobals) = postSolution
		SolutionGuid = {4A772575-967F-49BE-B108-FBD9FCFF80CC}
	EndGlobalSection
EndGlobal
