
Microsoft Visual Studio Solution File, Format Version 12.00
# Visual Studio Version 17
VisualStudioVersion = 17.0.31903.59
MinimumVisualStudioVersion = 10.0.40219.1
Project("{9A19103F-16F7-4668-BE54-9A1E7A4F7556}") = "WpfSnippet", "WpfSnippet\WpfSnippet.csproj", "{C4F9BA09-9554-4F1D-8C59-C4F354C4F2DE}"
EndProject
Project("{9A19103F-16F7-4668-BE54-9A1E7A4F7556}") = "UtilsForm", "UtilsForm\UtilsForm.csproj", "{E40542A6-6E78-489E-9FE9-9C8574C51FDA}"
EndProject
Project("{9A19103F-16F7-4668-BE54-9A1E7A4F7556}") = "ViewModelTutor", "ViewModelTutor\ViewModelTutor.csproj", "{30A4C53C-9619-4849-8C3F-B6EB0B6268C2}"
EndProject
Project("{9A19103F-16F7-4668-BE54-9A1E7A4F7556}") = "WpfTest.Core", "WpfTest.Core\WpfTest.Core.csproj", "{E487DD3C-131F-49BE-9939-353725AD5D4E}"
EndProject
Project("{9A19103F-16F7-4668-BE54-9A1E7A4F7556}") = "WpfTest", "WpfTest\WpfTest.csproj", "{838B6759-A04A-4889-95A9-96823EB940BD}"
EndProject
Project("{9A19103F-16F7-4668-BE54-9A1E7A4F7556}") = "WpfLayout", "WpfLayout\WpfLayout.csproj", "{0E212B39-C12D-45E5-A907-14E3F4B8A2E0}"
EndProject
Project("{9A19103F-16F7-4668-BE54-9A1E7A4F7556}") = "ConsoleApp", "ConsoleApp\ConsoleApp.csproj", "{4764E336-6CD5-4D48-A3C1-48C0943AC3D8}"
EndProject
Project("{9A19103F-16F7-4668-BE54-9A1E7A4F7556}") = "Sample", "Sample\Sample.csproj", "{ABB71CDB-ED6F-4806-BFD6-D54B232AFD9C}"
EndProject
Project("{9A19103F-16F7-4668-BE54-9A1E7A4F7556}") = "WpfWeb", "WpfWeb\WpfWeb.csproj", "{4ED6F0FF-A75F-496B-9FE0-725CA11287E4}"
EndProject
Global
	GlobalSection(SolutionConfigurationPlatforms) = preSolution
		Debug|Any CPU = Debug|Any CPU
		Release|Any CPU = Release|Any CPU
	EndGlobalSection
	GlobalSection(ProjectConfigurationPlatforms) = postSolution
		{C4F9BA09-9554-4F1D-8C59-C4F354C4F2DE}.Debug|Any CPU.ActiveCfg = Debug|Any CPU
		{C4F9BA09-9554-4F1D-8C59-C4F354C4F2DE}.Debug|Any CPU.Build.0 = Debug|Any CPU
		{C4F9BA09-9554-4F1D-8C59-C4F354C4F2DE}.Release|Any CPU.ActiveCfg = Release|Any CPU
		{C4F9BA09-9554-4F1D-8C59-C4F354C4F2DE}.Release|Any CPU.Build.0 = Release|Any CPU
		{E40542A6-6E78-489E-9FE9-9C8574C51FDA}.Debug|Any CPU.ActiveCfg = Debug|Any CPU
		{E40542A6-6E78-489E-9FE9-9C8574C51FDA}.Debug|Any CPU.Build.0 = Debug|Any CPU
		{E40542A6-6E78-489E-9FE9-9C8574C51FDA}.Release|Any CPU.ActiveCfg = Release|Any CPU
		{E40542A6-6E78-489E-9FE9-9C8574C51FDA}.Release|Any CPU.Build.0 = Release|Any CPU
		{30A4C53C-9619-4849-8C3F-B6EB0B6268C2}.Debug|Any CPU.ActiveCfg = Debug|Any CPU
		{30A4C53C-9619-4849-8C3F-B6EB0B6268C2}.Debug|Any CPU.Build.0 = Debug|Any CPU
		{30A4C53C-9619-4849-8C3F-B6EB0B6268C2}.Release|Any CPU.ActiveCfg = Release|Any CPU
		{30A4C53C-9619-4849-8C3F-B6EB0B6268C2}.Release|Any CPU.Build.0 = Release|Any CPU
		{E487DD3C-131F-49BE-9939-353725AD5D4E}.Debug|Any CPU.ActiveCfg = Debug|Any CPU
		{E487DD3C-131F-49BE-9939-353725AD5D4E}.Debug|Any CPU.Build.0 = Debug|Any CPU
		{E487DD3C-131F-49BE-9939-353725AD5D4E}.Release|Any CPU.ActiveCfg = Release|Any CPU
		{E487DD3C-131F-49BE-9939-353725AD5D4E}.Release|Any CPU.Build.0 = Release|Any CPU
		{838B6759-A04A-4889-95A9-96823EB940BD}.Debug|Any CPU.ActiveCfg = Debug|Any CPU
		{838B6759-A04A-4889-95A9-96823EB940BD}.Debug|Any CPU.Build.0 = Debug|Any CPU
		{838B6759-A04A-4889-95A9-96823EB940BD}.Release|Any CPU.ActiveCfg = Release|Any CPU
		{838B6759-A04A-4889-95A9-96823EB940BD}.Release|Any CPU.Build.0 = Release|Any CPU
		{0E212B39-C12D-45E5-A907-14E3F4B8A2E0}.Debug|Any CPU.ActiveCfg = Debug|Any CPU
		{0E212B39-C12D-45E5-A907-14E3F4B8A2E0}.Debug|Any CPU.Build.0 = Debug|Any CPU
		{0E212B39-C12D-45E5-A907-14E3F4B8A2E0}.Release|Any CPU.ActiveCfg = Release|Any CPU
		{0E212B39-C12D-45E5-A907-14E3F4B8A2E0}.Release|Any CPU.Build.0 = Release|Any CPU
		{4764E336-6CD5-4D48-A3C1-48C0943AC3D8}.Debug|Any CPU.ActiveCfg = Debug|Any CPU
		{4764E336-6CD5-4D48-A3C1-48C0943AC3D8}.Debug|Any CPU.Build.0 = Debug|Any CPU
		{4764E336-6CD5-4D48-A3C1-48C0943AC3D8}.Release|Any CPU.ActiveCfg = Release|Any CPU
		{4764E336-6CD5-4D48-A3C1-48C0943AC3D8}.Release|Any CPU.Build.0 = Release|Any CPU
		{ABB71CDB-ED6F-4806-BFD6-D54B232AFD9C}.Debug|Any CPU.ActiveCfg = Debug|Any CPU
		{ABB71CDB-ED6F-4806-BFD6-D54B232AFD9C}.Debug|Any CPU.Build.0 = Debug|Any CPU
		{ABB71CDB-ED6F-4806-BFD6-D54B232AFD9C}.Release|Any CPU.ActiveCfg = Release|Any CPU
		{ABB71CDB-ED6F-4806-BFD6-D54B232AFD9C}.Release|Any CPU.Build.0 = Release|Any CPU
		{4ED6F0FF-A75F-496B-9FE0-725CA11287E4}.Debug|Any CPU.ActiveCfg = Debug|Any CPU
		{4ED6F0FF-A75F-496B-9FE0-725CA11287E4}.Debug|Any CPU.Build.0 = Debug|Any CPU
		{4ED6F0FF-A75F-496B-9FE0-725CA11287E4}.Release|Any CPU.ActiveCfg = Release|Any CPU
		{4ED6F0FF-A75F-496B-9FE0-725CA11287E4}.Release|Any CPU.Build.0 = Release|Any CPU
	EndGlobalSection
	GlobalSection(SolutionProperties) = preSolution
		HideSolutionNode = FALSE
	EndGlobalSection
	GlobalSection(ExtensibilityGlobals) = postSolution
		SolutionGuid = {4A772575-967F-49BE-B108-FBD9FCFF80CC}
	EndGlobalSection
EndGlobal
